// !$*UTF8*$!
{
	archiveVersion = 1;
	classes = {
	};
	objectVersion = 51;
	objects = {

/* Begin PBXBuildFile section */
		01EDD3A0CE55462CD144A94B /* Pods_expresateTests.framework in Frameworks */ = {isa = PBXBuildFile; fileRef = 8596709E015CCBAA86473871 /* Pods_expresateTests.framework */; };
		8F0C1FE08716BCEADA8B2385 /* Pods_expresate.framework in Frameworks */ = {isa = PBXBuildFile; fileRef = A9AE1D69403CF9893B2633CA /* Pods_expresate.framework */; };
		96D6D7F92725245B00758559 /* UIViewExtension.swift in Sources */ = {isa = PBXBuildFile; fileRef = 96D6D7F82725245B00758559 /* UIViewExtension.swift */; };
		96E5620F25856F6D0091FCF4 /* AppDelegate.swift in Sources */ = {isa = PBXBuildFile; fileRef = 96E5620E25856F6D0091FCF4 /* AppDelegate.swift */; };
		96E5621125856F6D0091FCF4 /* SceneDelegate.swift in Sources */ = {isa = PBXBuildFile; fileRef = 96E5621025856F6D0091FCF4 /* SceneDelegate.swift */; };
		96E5621325856F6D0091FCF4 /* ViewController.swift in Sources */ = {isa = PBXBuildFile; fileRef = 96E5621225856F6D0091FCF4 /* ViewController.swift */; };
		96E5621625856F6D0091FCF4 /* Main.storyboard in Resources */ = {isa = PBXBuildFile; fileRef = 96E5621425856F6D0091FCF4 /* Main.storyboard */; };
		96E5621825856F6F0091FCF4 /* Assets.xcassets in Resources */ = {isa = PBXBuildFile; fileRef = 96E5621725856F6F0091FCF4 /* Assets.xcassets */; };
		96E5621B25856F6F0091FCF4 /* LaunchScreen.storyboard in Resources */ = {isa = PBXBuildFile; fileRef = 96E5621925856F6F0091FCF4 /* LaunchScreen.storyboard */; };
		96E5622625856F700091FCF4 /* expresateTests.swift in Sources */ = {isa = PBXBuildFile; fileRef = 96E5622525856F700091FCF4 /* expresateTests.swift */; };
		96E5623125856F700091FCF4 /* expresateUITests.swift in Sources */ = {isa = PBXBuildFile; fileRef = 96E5623025856F700091FCF4 /* expresateUITests.swift */; };
		96E56253258598690091FCF4 /* Tab1ViewController.swift in Sources */ = {isa = PBXBuildFile; fileRef = 96E56252258598690091FCF4 /* Tab1ViewController.swift */; };
		96E56258258598780091FCF4 /* Tab2ViewController.swift in Sources */ = {isa = PBXBuildFile; fileRef = 96E56257258598780091FCF4 /* Tab2ViewController.swift */; };
		96E5625D2585988B0091FCF4 /* Tab3ViewController.swift in Sources */ = {isa = PBXBuildFile; fileRef = 96E5625C2585988B0091FCF4 /* Tab3ViewController.swift */; };
		96E562622585E4910091FCF4 /* Tab4ViewController.swift in Sources */ = {isa = PBXBuildFile; fileRef = 96E562612585E4910091FCF4 /* Tab4ViewController.swift */; };
		96E562672585E4A20091FCF4 /* Tab5ViewController.swift in Sources */ = {isa = PBXBuildFile; fileRef = 96E562662585E4A20091FCF4 /* Tab5ViewController.swift */; };
		96E639EF259700A6001EBCA1 /* UITextViewExtension.swift in Sources */ = {isa = PBXBuildFile; fileRef = 96E639EE259700A6001EBCA1 /* UITextViewExtension.swift */; };
		A12108D3EF245A90B71F1C3E /* Pods_expresate_expresateUITests.framework in Frameworks */ = {isa = PBXBuildFile; fileRef = 32C11114E5BD2BBC3456B164 /* Pods_expresate_expresateUITests.framework */; };
/* End PBXBuildFile section */

/* Begin PBXContainerItemProxy section */
		96E5622225856F700091FCF4 /* PBXContainerItemProxy */ = {
			isa = PBXContainerItemProxy;
			containerPortal = 96E5620325856F6D0091FCF4 /* Project object */;
			proxyType = 1;
			remoteGlobalIDString = 96E5620A25856F6D0091FCF4;
			remoteInfo = expresate;
		};
		96E5622D25856F700091FCF4 /* PBXContainerItemProxy */ = {
			isa = PBXContainerItemProxy;
			containerPortal = 96E5620325856F6D0091FCF4 /* Project object */;
			proxyType = 1;
			remoteGlobalIDString = 96E5620A25856F6D0091FCF4;
			remoteInfo = expresate;
		};
/* End PBXContainerItemProxy section */

/* Begin PBXFileReference section */
		063664048540F6F646DA881A /* Pods-expresate.release.xcconfig */ = {isa = PBXFileReference; includeInIndex = 1; lastKnownFileType = text.xcconfig; name = "Pods-expresate.release.xcconfig"; path = "Target Support Files/Pods-expresate/Pods-expresate.release.xcconfig"; sourceTree = "<group>"; };
		06972567F6FA013E9CFCF1C8 /* Pods-expresateTests.debug.xcconfig */ = {isa = PBXFileReference; includeInIndex = 1; lastKnownFileType = text.xcconfig; name = "Pods-expresateTests.debug.xcconfig"; path = "Target Support Files/Pods-expresateTests/Pods-expresateTests.debug.xcconfig"; sourceTree = "<group>"; };
		2CDD814837C2020C86F30D43 /* Pods-expresate.debug.xcconfig */ = {isa = PBXFileReference; includeInIndex = 1; lastKnownFileType = text.xcconfig; name = "Pods-expresate.debug.xcconfig"; path = "Target Support Files/Pods-expresate/Pods-expresate.debug.xcconfig"; sourceTree = "<group>"; };
		32C11114E5BD2BBC3456B164 /* Pods_expresate_expresateUITests.framework */ = {isa = PBXFileReference; explicitFileType = wrapper.framework; includeInIndex = 0; path = Pods_expresate_expresateUITests.framework; sourceTree = BUILT_PRODUCTS_DIR; };
		4AC3FFAC83088F00BA6F40D5 /* Pods-expresateTests.release.xcconfig */ = {isa = PBXFileReference; includeInIndex = 1; lastKnownFileType = text.xcconfig; name = "Pods-expresateTests.release.xcconfig"; path = "Target Support Files/Pods-expresateTests/Pods-expresateTests.release.xcconfig"; sourceTree = "<group>"; };
		8596709E015CCBAA86473871 /* Pods_expresateTests.framework */ = {isa = PBXFileReference; explicitFileType = wrapper.framework; includeInIndex = 0; path = Pods_expresateTests.framework; sourceTree = BUILT_PRODUCTS_DIR; };
		96D6D7F82725245B00758559 /* UIViewExtension.swift */ = {isa = PBXFileReference; lastKnownFileType = sourcecode.swift; path = UIViewExtension.swift; sourceTree = "<group>"; };
		96E5620B25856F6D0091FCF4 /* expresate.app */ = {isa = PBXFileReference; explicitFileType = wrapper.application; includeInIndex = 0; path = expresate.app; sourceTree = BUILT_PRODUCTS_DIR; };
		96E5620E25856F6D0091FCF4 /* AppDelegate.swift */ = {isa = PBXFileReference; lastKnownFileType = sourcecode.swift; path = AppDelegate.swift; sourceTree = "<group>"; };
		96E5621025856F6D0091FCF4 /* SceneDelegate.swift */ = {isa = PBXFileReference; lastKnownFileType = sourcecode.swift; path = SceneDelegate.swift; sourceTree = "<group>"; };
		96E5621225856F6D0091FCF4 /* ViewController.swift */ = {isa = PBXFileReference; lastKnownFileType = sourcecode.swift; path = ViewController.swift; sourceTree = "<group>"; };
		96E5621525856F6D0091FCF4 /* Base */ = {isa = PBXFileReference; lastKnownFileType = file.storyboard; name = Base; path = Base.lproj/Main.storyboard; sourceTree = "<group>"; };
		96E5621725856F6F0091FCF4 /* Assets.xcassets */ = {isa = PBXFileReference; lastKnownFileType = folder.assetcatalog; path = Assets.xcassets; sourceTree = "<group>"; };
		96E5621A25856F6F0091FCF4 /* Base */ = {isa = PBXFileReference; lastKnownFileType = file.storyboard; name = Base; path = Base.lproj/LaunchScreen.storyboard; sourceTree = "<group>"; };
		96E5621C25856F6F0091FCF4 /* Info.plist */ = {isa = PBXFileReference; lastKnownFileType = text.plist.xml; path = Info.plist; sourceTree = "<group>"; };
		96E5622125856F700091FCF4 /* expresateTests.xctest */ = {isa = PBXFileReference; explicitFileType = wrapper.cfbundle; includeInIndex = 0; path = expresateTests.xctest; sourceTree = BUILT_PRODUCTS_DIR; };
		96E5622525856F700091FCF4 /* expresateTests.swift */ = {isa = PBXFileReference; lastKnownFileType = sourcecode.swift; path = expresateTests.swift; sourceTree = "<group>"; };
		96E5622725856F700091FCF4 /* Info.plist */ = {isa = PBXFileReference; lastKnownFileType = text.plist.xml; path = Info.plist; sourceTree = "<group>"; };
		96E5622C25856F700091FCF4 /* expresateUITests.xctest */ = {isa = PBXFileReference; explicitFileType = wrapper.cfbundle; includeInIndex = 0; path = expresateUITests.xctest; sourceTree = BUILT_PRODUCTS_DIR; };
		96E5623025856F700091FCF4 /* expresateUITests.swift */ = {isa = PBXFileReference; lastKnownFileType = sourcecode.swift; path = expresateUITests.swift; sourceTree = "<group>"; };
		96E5623225856F700091FCF4 /* Info.plist */ = {isa = PBXFileReference; lastKnownFileType = text.plist.xml; path = Info.plist; sourceTree = "<group>"; };
		96E56252258598690091FCF4 /* Tab1ViewController.swift */ = {isa = PBXFileReference; lastKnownFileType = sourcecode.swift; path = Tab1ViewController.swift; sourceTree = "<group>"; };
		96E56257258598780091FCF4 /* Tab2ViewController.swift */ = {isa = PBXFileReference; lastKnownFileType = sourcecode.swift; path = Tab2ViewController.swift; sourceTree = "<group>"; };
		96E5625C2585988B0091FCF4 /* Tab3ViewController.swift */ = {isa = PBXFileReference; lastKnownFileType = sourcecode.swift; path = Tab3ViewController.swift; sourceTree = "<group>"; };
		96E562612585E4910091FCF4 /* Tab4ViewController.swift */ = {isa = PBXFileReference; lastKnownFileType = sourcecode.swift; path = Tab4ViewController.swift; sourceTree = "<group>"; };
		96E562662585E4A20091FCF4 /* Tab5ViewController.swift */ = {isa = PBXFileReference; lastKnownFileType = sourcecode.swift; path = Tab5ViewController.swift; sourceTree = "<group>"; };
		96E639EE259700A6001EBCA1 /* UITextViewExtension.swift */ = {isa = PBXFileReference; lastKnownFileType = sourcecode.swift; path = UITextViewExtension.swift; sourceTree = "<group>"; };
		A9AE1D69403CF9893B2633CA /* Pods_expresate.framework */ = {isa = PBXFileReference; explicitFileType = wrapper.framework; includeInIndex = 0; path = Pods_expresate.framework; sourceTree = BUILT_PRODUCTS_DIR; };
		CFB55FE4B85A2617E30FF227 /* Pods-expresate-expresateUITests.release.xcconfig */ = {isa = PBXFileReference; includeInIndex = 1; lastKnownFileType = text.xcconfig; name = "Pods-expresate-expresateUITests.release.xcconfig"; path = "Target Support Files/Pods-expresate-expresateUITests/Pods-expresate-expresateUITests.release.xcconfig"; sourceTree = "<group>"; };
		DE008F83E0E63DEB6F487FA5 /* Pods-expresate-expresateUITests.debug.xcconfig */ = {isa = PBXFileReference; includeInIndex = 1; lastKnownFileType = text.xcconfig; name = "Pods-expresate-expresateUITests.debug.xcconfig"; path = "Target Support Files/Pods-expresate-expresateUITests/Pods-expresate-expresateUITests.debug.xcconfig"; sourceTree = "<group>"; };
/* End PBXFileReference section */

/* Begin PBXFrameworksBuildPhase section */
		96E5620825856F6D0091FCF4 /* Frameworks */ = {
			isa = PBXFrameworksBuildPhase;
			buildActionMask = 2147483647;
			files = (
				8F0C1FE08716BCEADA8B2385 /* Pods_expresate.framework in Frameworks */,
			);
			runOnlyForDeploymentPostprocessing = 0;
		};
		96E5621E25856F700091FCF4 /* Frameworks */ = {
			isa = PBXFrameworksBuildPhase;
			buildActionMask = 2147483647;
			files = (
				01EDD3A0CE55462CD144A94B /* Pods_expresateTests.framework in Frameworks */,
			);
			runOnlyForDeploymentPostprocessing = 0;
		};
		96E5622925856F700091FCF4 /* Frameworks */ = {
			isa = PBXFrameworksBuildPhase;
			buildActionMask = 2147483647;
			files = (
				A12108D3EF245A90B71F1C3E /* Pods_expresate_expresateUITests.framework in Frameworks */,
			);
			runOnlyForDeploymentPostprocessing = 0;
		};
/* End PBXFrameworksBuildPhase section */

/* Begin PBXGroup section */
		12346155FD1EF845F1E34B86 /* Frameworks */ = {
			isa = PBXGroup;
			children = (
				A9AE1D69403CF9893B2633CA /* Pods_expresate.framework */,
				32C11114E5BD2BBC3456B164 /* Pods_expresate_expresateUITests.framework */,
				8596709E015CCBAA86473871 /* Pods_expresateTests.framework */,
			);
			name = Frameworks;
			sourceTree = "<group>";
		};
		96E5620225856F6D0091FCF4 = {
			isa = PBXGroup;
			children = (
				96E5620D25856F6D0091FCF4 /* expresate */,
				96E5622425856F700091FCF4 /* expresateTests */,
				96E5622F25856F700091FCF4 /* expresateUITests */,
				96E5620C25856F6D0091FCF4 /* Products */,
				CDB288BDE4C2EC518DD21523 /* Pods */,
				12346155FD1EF845F1E34B86 /* Frameworks */,
			);
			sourceTree = "<group>";
		};
		96E5620C25856F6D0091FCF4 /* Products */ = {
			isa = PBXGroup;
			children = (
				96E5620B25856F6D0091FCF4 /* expresate.app */,
				96E5622125856F700091FCF4 /* expresateTests.xctest */,
				96E5622C25856F700091FCF4 /* expresateUITests.xctest */,
			);
			name = Products;
			sourceTree = "<group>";
		};
		96E5620D25856F6D0091FCF4 /* expresate */ = {
			isa = PBXGroup;
			children = (
				96E639ED2597006D001EBCA1 /* extensions */,
				96E5624125857A280091FCF4 /* Controller */,
				96E5620E25856F6D0091FCF4 /* AppDelegate.swift */,
				96E5621025856F6D0091FCF4 /* SceneDelegate.swift */,
				96E5621225856F6D0091FCF4 /* ViewController.swift */,
				96E5621425856F6D0091FCF4 /* Main.storyboard */,
				96E5621725856F6F0091FCF4 /* Assets.xcassets */,
				96E5621C25856F6F0091FCF4 /* Info.plist */,
				96E5621925856F6F0091FCF4 /* LaunchScreen.storyboard */,
			);
			path = expresate;
			sourceTree = "<group>";
		};
		96E5622425856F700091FCF4 /* expresateTests */ = {
			isa = PBXGroup;
			children = (
				96E5622525856F700091FCF4 /* expresateTests.swift */,
				96E5622725856F700091FCF4 /* Info.plist */,
			);
			path = expresateTests;
			sourceTree = "<group>";
		};
		96E5622F25856F700091FCF4 /* expresateUITests */ = {
			isa = PBXGroup;
			children = (
				96E5623025856F700091FCF4 /* expresateUITests.swift */,
				96E5623225856F700091FCF4 /* Info.plist */,
			);
			path = expresateUITests;
			sourceTree = "<group>";
		};
		96E5624125857A280091FCF4 /* Controller */ = {
			isa = PBXGroup;
			children = (
				96E56252258598690091FCF4 /* Tab1ViewController.swift */,
				96E56257258598780091FCF4 /* Tab2ViewController.swift */,
				96E5625C2585988B0091FCF4 /* Tab3ViewController.swift */,
				96E562612585E4910091FCF4 /* Tab4ViewController.swift */,
				96E562662585E4A20091FCF4 /* Tab5ViewController.swift */,
			);
			path = Controller;
			sourceTree = "<group>";
		};
		96E639ED2597006D001EBCA1 /* extensions */ = {
			isa = PBXGroup;
			children = (
				96E639EE259700A6001EBCA1 /* UITextViewExtension.swift */,
				96D6D7F82725245B00758559 /* UIViewExtension.swift */,
			);
			path = extensions;
			sourceTree = "<group>";
		};
		CDB288BDE4C2EC518DD21523 /* Pods */ = {
			isa = PBXGroup;
			children = (
				2CDD814837C2020C86F30D43 /* Pods-expresate.debug.xcconfig */,
				063664048540F6F646DA881A /* Pods-expresate.release.xcconfig */,
				DE008F83E0E63DEB6F487FA5 /* Pods-expresate-expresateUITests.debug.xcconfig */,
				CFB55FE4B85A2617E30FF227 /* Pods-expresate-expresateUITests.release.xcconfig */,
				06972567F6FA013E9CFCF1C8 /* Pods-expresateTests.debug.xcconfig */,
				4AC3FFAC83088F00BA6F40D5 /* Pods-expresateTests.release.xcconfig */,
			);
			path = Pods;
			sourceTree = "<group>";
		};
/* End PBXGroup section */

/* Begin PBXNativeTarget section */
		96E5620A25856F6D0091FCF4 /* expresate */ = {
			isa = PBXNativeTarget;
			buildConfigurationList = 96E5623525856F700091FCF4 /* Build configuration list for PBXNativeTarget "expresate" */;
			buildPhases = (
				7CED125C30C9E6C83E934129 /* [CP] Check Pods Manifest.lock */,
				96E5620725856F6D0091FCF4 /* Sources */,
				96E5620825856F6D0091FCF4 /* Frameworks */,
				96E5620925856F6D0091FCF4 /* Resources */,
				C1D4EDA691D6CC20D5630943 /* [CP] Embed Pods Frameworks */,
			);
			buildRules = (
			);
			dependencies = (
			);
			name = expresate;
			productName = expresate;
			productReference = 96E5620B25856F6D0091FCF4 /* expresate.app */;
			productType = "com.apple.product-type.application";
		};
		96E5622025856F700091FCF4 /* expresateTests */ = {
			isa = PBXNativeTarget;
			buildConfigurationList = 96E5623825856F700091FCF4 /* Build configuration list for PBXNativeTarget "expresateTests" */;
			buildPhases = (
				0D4CD45EE96D857645A921BF /* [CP] Check Pods Manifest.lock */,
				96E5621D25856F700091FCF4 /* Sources */,
				96E5621E25856F700091FCF4 /* Frameworks */,
				96E5621F25856F700091FCF4 /* Resources */,
			);
			buildRules = (
			);
			dependencies = (
				96E5622325856F700091FCF4 /* PBXTargetDependency */,
			);
			name = expresateTests;
			productName = expresateTests;
			productReference = 96E5622125856F700091FCF4 /* expresateTests.xctest */;
			productType = "com.apple.product-type.bundle.unit-test";
		};
		96E5622B25856F700091FCF4 /* expresateUITests */ = {
			isa = PBXNativeTarget;
			buildConfigurationList = 96E5623B25856F700091FCF4 /* Build configuration list for PBXNativeTarget "expresateUITests" */;
			buildPhases = (
				5F7BF3CBDCDE95F5B5D51AA0 /* [CP] Check Pods Manifest.lock */,
				96E5622825856F700091FCF4 /* Sources */,
				96E5622925856F700091FCF4 /* Frameworks */,
				96E5622A25856F700091FCF4 /* Resources */,
				556D3407A4F9837FAEFFDC32 /* [CP] Embed Pods Frameworks */,
			);
			buildRules = (
			);
			dependencies = (
				96E5622E25856F700091FCF4 /* PBXTargetDependency */,
			);
			name = expresateUITests;
			productName = expresateUITests;
			productReference = 96E5622C25856F700091FCF4 /* expresateUITests.xctest */;
			productType = "com.apple.product-type.bundle.ui-testing";
		};
/* End PBXNativeTarget section */

/* Begin PBXProject section */
		96E5620325856F6D0091FCF4 /* Project object */ = {
			isa = PBXProject;
			attributes = {
				LastSwiftUpdateCheck = 1220;
				LastUpgradeCheck = 1220;
				TargetAttributes = {
					96E5620A25856F6D0091FCF4 = {
						CreatedOnToolsVersion = 12.2;
					};
					96E5622025856F700091FCF4 = {
						CreatedOnToolsVersion = 12.2;
						TestTargetID = 96E5620A25856F6D0091FCF4;
					};
					96E5622B25856F700091FCF4 = {
						CreatedOnToolsVersion = 12.2;
						TestTargetID = 96E5620A25856F6D0091FCF4;
					};
				};
			};
			buildConfigurationList = 96E5620625856F6D0091FCF4 /* Build configuration list for PBXProject "expresate" */;
			compatibilityVersion = "Xcode 9.3";
			developmentRegion = en;
			hasScannedForEncodings = 0;
			knownRegions = (
				en,
				Base,
			);
			mainGroup = 96E5620225856F6D0091FCF4;
			productRefGroup = 96E5620C25856F6D0091FCF4 /* Products */;
			projectDirPath = "";
			projectRoot = "";
			targets = (
				96E5620A25856F6D0091FCF4 /* expresate */,
				96E5622025856F700091FCF4 /* expresateTests */,
				96E5622B25856F700091FCF4 /* expresateUITests */,
			);
		};
/* End PBXProject section */

/* Begin PBXResourcesBuildPhase section */
		96E5620925856F6D0091FCF4 /* Resources */ = {
			isa = PBXResourcesBuildPhase;
			buildActionMask = 2147483647;
			files = (
				96E5621B25856F6F0091FCF4 /* LaunchScreen.storyboard in Resources */,
				96E5621825856F6F0091FCF4 /* Assets.xcassets in Resources */,
				96E5621625856F6D0091FCF4 /* Main.storyboard in Resources */,
			);
			runOnlyForDeploymentPostprocessing = 0;
		};
		96E5621F25856F700091FCF4 /* Resources */ = {
			isa = PBXResourcesBuildPhase;
			buildActionMask = 2147483647;
			files = (
			);
			runOnlyForDeploymentPostprocessing = 0;
		};
		96E5622A25856F700091FCF4 /* Resources */ = {
			isa = PBXResourcesBuildPhase;
			buildActionMask = 2147483647;
			files = (
			);
			runOnlyForDeploymentPostprocessing = 0;
		};
/* End PBXResourcesBuildPhase section */

/* Begin PBXShellScriptBuildPhase section */
		0D4CD45EE96D857645A921BF /* [CP] Check Pods Manifest.lock */ = {
			isa = PBXShellScriptBuildPhase;
			buildActionMask = 2147483647;
			files = (
			);
			inputFileListPaths = (
			);
			inputPaths = (
				"${PODS_PODFILE_DIR_PATH}/Podfile.lock",
				"${PODS_ROOT}/Manifest.lock",
			);
			name = "[CP] Check Pods Manifest.lock";
			outputFileListPaths = (
			);
			outputPaths = (
				"$(DERIVED_FILE_DIR)/Pods-expresateTests-checkManifestLockResult.txt",
			);
			runOnlyForDeploymentPostprocessing = 0;
			shellPath = /bin/sh;
			shellScript = "diff \"${PODS_PODFILE_DIR_PATH}/Podfile.lock\" \"${PODS_ROOT}/Manifest.lock\" > /dev/null\nif [ $? != 0 ] ; then\n    # print error to STDERR\n    echo \"error: The sandbox is not in sync with the Podfile.lock. Run 'pod install' or update your CocoaPods installation.\" >&2\n    exit 1\nfi\n# This output is used by Xcode 'outputs' to avoid re-running this script phase.\necho \"SUCCESS\" > \"${SCRIPT_OUTPUT_FILE_0}\"\n";
			showEnvVarsInLog = 0;
		};
		556D3407A4F9837FAEFFDC32 /* [CP] Embed Pods Frameworks */ = {
			isa = PBXShellScriptBuildPhase;
			buildActionMask = 2147483647;
			files = (
			);
			inputFileListPaths = (
				"${PODS_ROOT}/Target Support Files/Pods-expresate-expresateUITests/Pods-expresate-expresateUITests-frameworks-${CONFIGURATION}-input-files.xcfilelist",
			);
			name = "[CP] Embed Pods Frameworks";
			outputFileListPaths = (
				"${PODS_ROOT}/Target Support Files/Pods-expresate-expresateUITests/Pods-expresate-expresateUITests-frameworks-${CONFIGURATION}-output-files.xcfilelist",
			);
			runOnlyForDeploymentPostprocessing = 0;
			shellPath = /bin/sh;
			shellScript = "\"${PODS_ROOT}/Target Support Files/Pods-expresate-expresateUITests/Pods-expresate-expresateUITests-frameworks.sh\"\n";
			showEnvVarsInLog = 0;
		};
		5F7BF3CBDCDE95F5B5D51AA0 /* [CP] Check Pods Manifest.lock */ = {
			isa = PBXShellScriptBuildPhase;
			buildActionMask = 2147483647;
			files = (
			);
			inputFileListPaths = (
			);
			inputPaths = (
				"${PODS_PODFILE_DIR_PATH}/Podfile.lock",
				"${PODS_ROOT}/Manifest.lock",
			);
			name = "[CP] Check Pods Manifest.lock";
			outputFileListPaths = (
			);
			outputPaths = (
				"$(DERIVED_FILE_DIR)/Pods-expresate-expresateUITests-checkManifestLockResult.txt",
			);
			runOnlyForDeploymentPostprocessing = 0;
			shellPath = /bin/sh;
			shellScript = "diff \"${PODS_PODFILE_DIR_PATH}/Podfile.lock\" \"${PODS_ROOT}/Manifest.lock\" > /dev/null\nif [ $? != 0 ] ; then\n    # print error to STDERR\n    echo \"error: The sandbox is not in sync with the Podfile.lock. Run 'pod install' or update your CocoaPods installation.\" >&2\n    exit 1\nfi\n# This output is used by Xcode 'outputs' to avoid re-running this script phase.\necho \"SUCCESS\" > \"${SCRIPT_OUTPUT_FILE_0}\"\n";
			showEnvVarsInLog = 0;
		};
		7CED125C30C9E6C83E934129 /* [CP] Check Pods Manifest.lock */ = {
			isa = PBXShellScriptBuildPhase;
			buildActionMask = 2147483647;
			files = (
			);
			inputFileListPaths = (
			);
			inputPaths = (
				"${PODS_PODFILE_DIR_PATH}/Podfile.lock",
				"${PODS_ROOT}/Manifest.lock",
			);
			name = "[CP] Check Pods Manifest.lock";
			outputFileListPaths = (
			);
			outputPaths = (
				"$(DERIVED_FILE_DIR)/Pods-expresate-checkManifestLockResult.txt",
			);
			runOnlyForDeploymentPostprocessing = 0;
			shellPath = /bin/sh;
			shellScript = "diff \"${PODS_PODFILE_DIR_PATH}/Podfile.lock\" \"${PODS_ROOT}/Manifest.lock\" > /dev/null\nif [ $? != 0 ] ; then\n    # print error to STDERR\n    echo \"error: The sandbox is not in sync with the Podfile.lock. Run 'pod install' or update your CocoaPods installation.\" >&2\n    exit 1\nfi\n# This output is used by Xcode 'outputs' to avoid re-running this script phase.\necho \"SUCCESS\" > \"${SCRIPT_OUTPUT_FILE_0}\"\n";
			showEnvVarsInLog = 0;
		};
		C1D4EDA691D6CC20D5630943 /* [CP] Embed Pods Frameworks */ = {
			isa = PBXShellScriptBuildPhase;
			buildActionMask = 2147483647;
			files = (
			);
			inputFileListPaths = (
				"${PODS_ROOT}/Target Support Files/Pods-expresate/Pods-expresate-frameworks-${CONFIGURATION}-input-files.xcfilelist",
			);
			name = "[CP] Embed Pods Frameworks";
			outputFileListPaths = (
				"${PODS_ROOT}/Target Support Files/Pods-expresate/Pods-expresate-frameworks-${CONFIGURATION}-output-files.xcfilelist",
			);
			runOnlyForDeploymentPostprocessing = 0;
			shellPath = /bin/sh;
			shellScript = "\"${PODS_ROOT}/Target Support Files/Pods-expresate/Pods-expresate-frameworks.sh\"\n";
			showEnvVarsInLog = 0;
		};
/* End PBXShellScriptBuildPhase section */

/* Begin PBXSourcesBuildPhase section */
		96E5620725856F6D0091FCF4 /* Sources */ = {
			isa = PBXSourcesBuildPhase;
			buildActionMask = 2147483647;
			files = (
				96D6D7F92725245B00758559 /* UIViewExtension.swift in Sources */,
				96E562622585E4910091FCF4 /* Tab4ViewController.swift in Sources */,
				96E5625D2585988B0091FCF4 /* Tab3ViewController.swift in Sources */,
				96E5621325856F6D0091FCF4 /* ViewController.swift in Sources */,
				96E5620F25856F6D0091FCF4 /* AppDelegate.swift in Sources */,
				96E56253258598690091FCF4 /* Tab1ViewController.swift in Sources */,
				96E56258258598780091FCF4 /* Tab2ViewController.swift in Sources */,
				96E639EF259700A6001EBCA1 /* UITextViewExtension.swift in Sources */,
				96E562672585E4A20091FCF4 /* Tab5ViewController.swift in Sources */,
				96E5621125856F6D0091FCF4 /* SceneDelegate.swift in Sources */,
			);
			runOnlyForDeploymentPostprocessing = 0;
		};
		96E5621D25856F700091FCF4 /* Sources */ = {
			isa = PBXSourcesBuildPhase;
			buildActionMask = 2147483647;
			files = (
				96E5622625856F700091FCF4 /* expresateTests.swift in Sources */,
			);
			runOnlyForDeploymentPostprocessing = 0;
		};
		96E5622825856F700091FCF4 /* Sources */ = {
			isa = PBXSourcesBuildPhase;
			buildActionMask = 2147483647;
			files = (
				96E5623125856F700091FCF4 /* expresateUITests.swift in Sources */,
			);
			runOnlyForDeploymentPostprocessing = 0;
		};
/* End PBXSourcesBuildPhase section */

/* Begin PBXTargetDependency section */
		96E5622325856F700091FCF4 /* PBXTargetDependency */ = {
			isa = PBXTargetDependency;
			target = 96E5620A25856F6D0091FCF4 /* expresate */;
			targetProxy = 96E5622225856F700091FCF4 /* PBXContainerItemProxy */;
		};
		96E5622E25856F700091FCF4 /* PBXTargetDependency */ = {
			isa = PBXTargetDependency;
			target = 96E5620A25856F6D0091FCF4 /* expresate */;
			targetProxy = 96E5622D25856F700091FCF4 /* PBXContainerItemProxy */;
		};
/* End PBXTargetDependency section */

/* Begin PBXVariantGroup section */
		96E5621425856F6D0091FCF4 /* Main.storyboard */ = {
			isa = PBXVariantGroup;
			children = (
				96E5621525856F6D0091FCF4 /* Base */,
			);
			name = Main.storyboard;
			sourceTree = "<group>";
		};
		96E5621925856F6F0091FCF4 /* LaunchScreen.storyboard */ = {
			isa = PBXVariantGroup;
			children = (
				96E5621A25856F6F0091FCF4 /* Base */,
			);
			name = LaunchScreen.storyboard;
			sourceTree = "<group>";
		};
/* End PBXVariantGroup section */

/* Begin XCBuildConfiguration section */
		96E5623325856F700091FCF4 /* Debug */ = {
			isa = XCBuildConfiguration;
			buildSettings = {
				ALWAYS_SEARCH_USER_PATHS = NO;
				CLANG_ANALYZER_NONNULL = YES;
				CLANG_ANALYZER_NUMBER_OBJECT_CONVERSION = YES_AGGRESSIVE;
				CLANG_CXX_LANGUAGE_STANDARD = "gnu++14";
				CLANG_CXX_LIBRARY = "libc++";
				CLANG_ENABLE_MODULES = YES;
				CLANG_ENABLE_OBJC_ARC = YES;
				CLANG_ENABLE_OBJC_WEAK = YES;
				CLANG_WARN_BLOCK_CAPTURE_AUTORELEASING = YES;
				CLANG_WARN_BOOL_CONVERSION = YES;
				CLANG_WARN_COMMA = YES;
				CLANG_WARN_CONSTANT_CONVERSION = YES;
				CLANG_WARN_DEPRECATED_OBJC_IMPLEMENTATIONS = YES;
				CLANG_WARN_DIRECT_OBJC_ISA_USAGE = YES_ERROR;
				CLANG_WARN_DOCUMENTATION_COMMENTS = YES;
				CLANG_WARN_EMPTY_BODY = YES;
				CLANG_WARN_ENUM_CONVERSION = YES;
				CLANG_WARN_INFINITE_RECURSION = YES;
				CLANG_WARN_INT_CONVERSION = YES;
				CLANG_WARN_NON_LITERAL_NULL_CONVERSION = YES;
				CLANG_WARN_OBJC_IMPLICIT_RETAIN_SELF = YES;
				CLANG_WARN_OBJC_LITERAL_CONVERSION = YES;
				CLANG_WARN_OBJC_ROOT_CLASS = YES_ERROR;
				CLANG_WARN_QUOTED_INCLUDE_IN_FRAMEWORK_HEADER = YES;
				CLANG_WARN_RANGE_LOOP_ANALYSIS = YES;
				CLANG_WARN_STRICT_PROTOTYPES = YES;
				CLANG_WARN_SUSPICIOUS_MOVE = YES;
				CLANG_WARN_UNGUARDED_AVAILABILITY = YES_AGGRESSIVE;
				CLANG_WARN_UNREACHABLE_CODE = YES;
				CLANG_WARN__DUPLICATE_METHOD_MATCH = YES;
				COPY_PHASE_STRIP = NO;
				DEBUG_INFORMATION_FORMAT = dwarf;
				ENABLE_STRICT_OBJC_MSGSEND = YES;
				ENABLE_TESTABILITY = YES;
				GCC_C_LANGUAGE_STANDARD = gnu11;
				GCC_DYNAMIC_NO_PIC = NO;
				GCC_NO_COMMON_BLOCKS = YES;
				GCC_OPTIMIZATION_LEVEL = 0;
				GCC_PREPROCESSOR_DEFINITIONS = (
					"DEBUG=1",
					"$(inherited)",
				);
				GCC_WARN_64_TO_32_BIT_CONVERSION = YES;
				GCC_WARN_ABOUT_RETURN_TYPE = YES_ERROR;
				GCC_WARN_UNDECLARED_SELECTOR = YES;
				GCC_WARN_UNINITIALIZED_AUTOS = YES_AGGRESSIVE;
				GCC_WARN_UNUSED_FUNCTION = YES;
				GCC_WARN_UNUSED_VARIABLE = YES;
				IPHONEOS_DEPLOYMENT_TARGET = 14.2;
				MTL_ENABLE_DEBUG_INFO = INCLUDE_SOURCE;
				MTL_FAST_MATH = YES;
				ONLY_ACTIVE_ARCH = YES;
				SDKROOT = iphoneos;
				SWIFT_ACTIVE_COMPILATION_CONDITIONS = DEBUG;
				SWIFT_OPTIMIZATION_LEVEL = "-Onone";
			};
			name = Debug;
		};
		96E5623425856F700091FCF4 /* Release */ = {
			isa = XCBuildConfiguration;
			buildSettings = {
				ALWAYS_SEARCH_USER_PATHS = NO;
				CLANG_ANALYZER_NONNULL = YES;
				CLANG_ANALYZER_NUMBER_OBJECT_CONVERSION = YES_AGGRESSIVE;
				CLANG_CXX_LANGUAGE_STANDARD = "gnu++14";
				CLANG_CXX_LIBRARY = "libc++";
				CLANG_ENABLE_MODULES = YES;
				CLANG_ENABLE_OBJC_ARC = YES;
				CLANG_ENABLE_OBJC_WEAK = YES;
				CLANG_WARN_BLOCK_CAPTURE_AUTORELEASING = YES;
				CLANG_WARN_BOOL_CONVERSION = YES;
				CLANG_WARN_COMMA = YES;
				CLANG_WARN_CONSTANT_CONVERSION = YES;
				CLANG_WARN_DEPRECATED_OBJC_IMPLEMENTATIONS = YES;
				CLANG_WARN_DIRECT_OBJC_ISA_USAGE = YES_ERROR;
				CLANG_WARN_DOCUMENTATION_COMMENTS = YES;
				CLANG_WARN_EMPTY_BODY = YES;
				CLANG_WARN_ENUM_CONVERSION = YES;
				CLANG_WARN_INFINITE_RECURSION = YES;
				CLANG_WARN_INT_CONVERSION = YES;
				CLANG_WARN_NON_LITERAL_NULL_CONVERSION = YES;
				CLANG_WARN_OBJC_IMPLICIT_RETAIN_SELF = YES;
				CLANG_WARN_OBJC_LITERAL_CONVERSION = YES;
				CLANG_WARN_OBJC_ROOT_CLASS = YES_ERROR;
				CLANG_WARN_QUOTED_INCLUDE_IN_FRAMEWORK_HEADER = YES;
				CLANG_WARN_RANGE_LOOP_ANALYSIS = YES;
				CLANG_WARN_STRICT_PROTOTYPES = YES;
				CLANG_WARN_SUSPICIOUS_MOVE = YES;
				CLANG_WARN_UNGUARDED_AVAILABILITY = YES_AGGRESSIVE;
				CLANG_WARN_UNREACHABLE_CODE = YES;
				CLANG_WARN__DUPLICATE_METHOD_MATCH = YES;
				COPY_PHASE_STRIP = NO;
				DEBUG_INFORMATION_FORMAT = "dwarf-with-dsym";
				ENABLE_NS_ASSERTIONS = NO;
				ENABLE_STRICT_OBJC_MSGSEND = YES;
				GCC_C_LANGUAGE_STANDARD = gnu11;
				GCC_NO_COMMON_BLOCKS = YES;
				GCC_WARN_64_TO_32_BIT_CONVERSION = YES;
				GCC_WARN_ABOUT_RETURN_TYPE = YES_ERROR;
				GCC_WARN_UNDECLARED_SELECTOR = YES;
				GCC_WARN_UNINITIALIZED_AUTOS = YES_AGGRESSIVE;
				GCC_WARN_UNUSED_FUNCTION = YES;
				GCC_WARN_UNUSED_VARIABLE = YES;
				IPHONEOS_DEPLOYMENT_TARGET = 14.2;
				MTL_ENABLE_DEBUG_INFO = NO;
				MTL_FAST_MATH = YES;
				SDKROOT = iphoneos;
				SWIFT_COMPILATION_MODE = wholemodule;
				SWIFT_OPTIMIZATION_LEVEL = "-O";
				VALIDATE_PRODUCT = YES;
			};
			name = Release;
		};
		96E5623625856F700091FCF4 /* Debug */ = {
			isa = XCBuildConfiguration;
			baseConfigurationReference = 2CDD814837C2020C86F30D43 /* Pods-expresate.debug.xcconfig */;
			buildSettings = {
				ASSETCATALOG_COMPILER_APPICON_NAME = AppIcon;
				ASSETCATALOG_COMPILER_GLOBAL_ACCENT_COLOR_NAME = AccentColor;
				CODE_SIGN_STYLE = Automatic;
				DEVELOPMENT_TEAM = SKTD6TJLJA;
				INFOPLIST_FILE = expresate/Info.plist;
				LD_RUNPATH_SEARCH_PATHS = (
					"$(inherited)",
					"@executable_path/Frameworks",
				);
				PRODUCT_BUNDLE_IDENTIFIER = com.slothius.expresate.app.expresate;
				PRODUCT_NAME = "$(TARGET_NAME)";
				SWIFT_VERSION = 5.0;
				TARGETED_DEVICE_FAMILY = "1,2";
			};
			name = Debug;
		};
		96E5623725856F700091FCF4 /* Release */ = {
			isa = XCBuildConfiguration;
			baseConfigurationReference = 063664048540F6F646DA881A /* Pods-expresate.release.xcconfig */;
			buildSettings = {
				ASSETCATALOG_COMPILER_APPICON_NAME = AppIcon;
				ASSETCATALOG_COMPILER_GLOBAL_ACCENT_COLOR_NAME = AccentColor;
				CODE_SIGN_STYLE = Automatic;
				DEVELOPMENT_TEAM = SKTD6TJLJA;
				INFOPLIST_FILE = expresate/Info.plist;
				LD_RUNPATH_SEARCH_PATHS = (
					"$(inherited)",
					"@executable_path/Frameworks",
				);
				PRODUCT_BUNDLE_IDENTIFIER = com.slothius.expresate.app.expresate;
				PRODUCT_NAME = "$(TARGET_NAME)";
				SWIFT_VERSION = 5.0;
				TARGETED_DEVICE_FAMILY = "1,2";
			};
			name = Release;
		};
		96E5623925856F700091FCF4 /* Debug */ = {
			isa = XCBuildConfiguration;
			baseConfigurationReference = 06972567F6FA013E9CFCF1C8 /* Pods-expresateTests.debug.xcconfig */;
			buildSettings = {
				ALWAYS_EMBED_SWIFT_STANDARD_LIBRARIES = YES;
				BUNDLE_LOADER = "$(TEST_HOST)";
				CODE_SIGN_STYLE = Automatic;
				DEVELOPMENT_TEAM = SKTD6TJLJA;
				INFOPLIST_FILE = expresateTests/Info.plist;
				IPHONEOS_DEPLOYMENT_TARGET = 14.2;
				LD_RUNPATH_SEARCH_PATHS = (
					"$(inherited)",
					"@executable_path/Frameworks",
					"@loader_path/Frameworks",
				);
				PRODUCT_BUNDLE_IDENTIFIER = com.slothius.expresate.app.expresateTests;
				PRODUCT_NAME = "$(TARGET_NAME)";
				SWIFT_VERSION = 5.0;
				TARGETED_DEVICE_FAMILY = "1,2";
				TEST_HOST = "$(BUILT_PRODUCTS_DIR)/expresate.app/expresate";
			};
			name = Debug;
		};
		96E5623A25856F700091FCF4 /* Release */ = {
			isa = XCBuildConfiguration;
			baseConfigurationReference = 4AC3FFAC83088F00BA6F40D5 /* Pods-expresateTests.release.xcconfig */;
			buildSettings = {
				ALWAYS_EMBED_SWIFT_STANDARD_LIBRARIES = YES;
				BUNDLE_LOADER = "$(TEST_HOST)";
				CODE_SIGN_STYLE = Automatic;
				DEVELOPMENT_TEAM = SKTD6TJLJA;
				INFOPLIST_FILE = expresateTests/Info.plist;
				IPHONEOS_DEPLOYMENT_TARGET = 14.2;
				LD_RUNPATH_SEARCH_PATHS = (
					"$(inherited)",
					"@executable_path/Frameworks",
					"@loader_path/Frameworks",
				);
				PRODUCT_BUNDLE_IDENTIFIER = com.slothius.expresate.app.expresateTests;
				PRODUCT_NAME = "$(TARGET_NAME)";
				SWIFT_VERSION = 5.0;
				TARGETED_DEVICE_FAMILY = "1,2";
				TEST_HOST = "$(BUILT_PRODUCTS_DIR)/expresate.app/expresate";
			};
			name = Release;
		};
		96E5623C25856F700091FCF4 /* Debug */ = {
			isa = XCBuildConfiguration;
			baseConfigurationReference = DE008F83E0E63DEB6F487FA5 /* Pods-expresate-expresateUITests.debug.xcconfig */;
			buildSettings = {
				ALWAYS_EMBED_SWIFT_STANDARD_LIBRARIES = YES;
				CODE_SIGN_STYLE = Automatic;
				DEVELOPMENT_TEAM = SKTD6TJLJA;
				INFOPLIST_FILE = expresateUITests/Info.plist;
				LD_RUNPATH_SEARCH_PATHS = (
					"$(inherited)",
					"@executable_path/Frameworks",
					"@loader_path/Frameworks",
				);
				PRODUCT_BUNDLE_IDENTIFIER = com.slothius.expresate.app.expresateUITests;
				PRODUCT_NAME = "$(TARGET_NAME)";
				SWIFT_VERSION = 5.0;
				TARGETED_DEVICE_FAMILY = "1,2";
				TEST_TARGET_NAME = expresate;
			};
			name = Debug;
		};
		96E5623D25856F700091FCF4 /* Release */ = {
			isa = XCBuildConfiguration;
			baseConfigurationReference = CFB55FE4B85A2617E30FF227 /* Pods-expresate-expresateUITests.release.xcconfig */;
			buildSettings = {
				ALWAYS_EMBED_SWIFT_STANDARD_LIBRARIES = YES;
				CODE_SIGN_STYLE = Automatic;
				DEVELOPMENT_TEAM = SKTD6TJLJA;
				INFOPLIST_FILE = expresateUITests/Info.plist;
				LD_RUNPATH_SEARCH_PATHS = (
					"$(inherited)",
					"@executable_path/Frameworks",
					"@loader_path/Frameworks",
				);
				PRODUCT_BUNDLE_IDENTIFIER = com.slothius.expresate.app.expresateUITests;
				PRODUCT_NAME = "$(TARGET_NAME)";
				SWIFT_VERSION = 5.0;
				TARGETED_DEVICE_FAMILY = "1,2";
				TEST_TARGET_NAME = expresate;
			};
			name = Release;
		};
/* End XCBuildConfiguration section */

/* Begin XCConfigurationList section */
		96E5620625856F6D0091FCF4 /* Build configuration list for PBXProject "expresate" */ = {
			isa = XCConfigurationList;
			buildConfigurations = (
				96E5623325856F700091FCF4 /* Debug */,
				96E5623425856F700091FCF4 /* Release */,
			);
			defaultConfigurationIsVisible = 0;
			defaultConfigurationName = Release;
		};
		96E5623525856F700091FCF4 /* Build configuration list for PBXNativeTarget "expresate" */ = {
			isa = XCConfigurationList;
			buildConfigurations = (
				96E5623625856F700091FCF4 /* Debug */,
				96E5623725856F700091FCF4 /* Release */,
			);
			defaultConfigurationIsVisible = 0;
			defaultConfigurationName = Release;
		};
		96E5623825856F700091FCF4 /* Build configuration list for PBXNativeTarget "expresateTests" */ = {
			isa = XCConfigurationList;
			buildConfigurations = (
				96E5623925856F700091FCF4 /* Debug */,
				96E5623A25856F700091FCF4 /* Release */,
			);
			defaultConfigurationIsVisible = 0;
			defaultConfigurationName = Release;
		};
		96E5623B25856F700091FCF4 /* Build configuration list for PBXNativeTarget "expresateUITests" */ = {
			isa = XCConfigurationList;
			buildConfigurations = (
				96E5623C25856F700091FCF4 /* Debug */,
				96E5623D25856F700091FCF4 /* Release */,
			);
			defaultConfigurationIsVisible = 0;
			defaultConfigurationName = Release;
		};
/* End XCConfigurationList section */
	};
	rootObject = 96E5620325856F6D0091FCF4 /* Project object */;
}
